
Microsoft Visual Studio Solution File, Format Version 12.00
# Visual Studio 15
VisualStudioVersion = 15.0.28307.489
MinimumVisualStudioVersion = 10.0.40219.1
Project("{9A19103F-16F7-4668-BE54-9A1E7A4F7556}") = "CommunityPack", "CommunityPack.csproj", "{AFBCF2CE-F703-4FE5-AFF1-040E2E611C30}"
EndProject
Global
	GlobalSection(SolutionConfigurationPlatforms) = preSolution
		Debug|Any CPU = Debug|Any CPU
		Release|Any CPU = Release|Any CPU
	EndGlobalSection
	GlobalSection(ProjectConfigurationPlatforms) = postSolution
		{AFBCF2CE-F703-4FE5-AFF1-040E2E611C30}.Debug|Any CPU.ActiveCfg = Debug|Any CPU
		{AFBCF2CE-F703-4FE5-AFF1-040E2E611C30}.Debug|Any CPU.Build.0 = Debug|Any CPU
		{AFBCF2CE-F703-4FE5-AFF1-040E2E611C30}.Release|Any CPU.ActiveCfg = Release|Any CPU
		{AFBCF2CE-F703-4FE5-AFF1-040E2E611C30}.Release|Any CPU.Build.0 = Release|Any CPU
	EndGlobalSection
	GlobalSection(SolutionProperties) = preSolution
		HideSolutionNode = FALSE
	EndGlobalSection
	GlobalSection(ExtensibilityGlobals) = postSolution
		SolutionGuid = {4DD14B31-1E10-42F7-A270-16BD33EA7567}
	EndGlobalSection
EndGlobal
